
Microsoft Visual Studio Solution File, Format Version 12.00
# Visual Studio Version 17
VisualStudioVersion = 17.6.33815.320
MinimumVisualStudioVersion = 10.0.40219.1
Project("{FAE04EC0-301F-11D3-BF4B-00C04F79EFBC}") = "Conday6 ex", "Conday6 ex.csproj", "{6F3603D1-A5D1-4D34-B172-6634E94A00D4}"
EndProject
Global
	GlobalSection(SolutionConfigurationPlatforms) = preSolution
		Debug|Any CPU = Debug|Any CPU
		Release|Any CPU = Release|Any CPU
	EndGlobalSection
	GlobalSection(ProjectConfigurationPlatforms) = postSolution
		{6F3603D1-A5D1-4D34-B172-6634E94A00D4}.Debug|Any CPU.ActiveCfg = Debug|Any CPU
		{6F3603D1-A5D1-4D34-B172-6634E94A00D4}.Debug|Any CPU.Build.0 = Debug|Any CPU
		{6F3603D1-A5D1-4D34-B172-6634E94A00D4}.Release|Any CPU.ActiveCfg = Release|Any CPU
		{6F3603D1-A5D1-4D34-B172-6634E94A00D4}.Release|Any CPU.Build.0 = Release|Any CPU
	EndGlobalSection
	GlobalSection(SolutionProperties) = preSolution
		HideSolutionNode = FALSE
	EndGlobalSection
	GlobalSection(ExtensibilityGlobals) = postSolution
		SolutionGuid = {99F5684B-7FE9-4801-A141-ABD07DC16B6E}
	EndGlobalSection
EndGlobal
